{
  "name": "@footgun/collision-2d",
  "version": "0.2.0",
  "lockfileVersion": 3,
  "requires": true,
  "packages": {
    "": {
      "name": "@footgun/collision-2d",
      "version": "0.2.0",
      "license": "MIT",
      "dependencies": {
        "@footgun/math-gap": "^0.2.0",
        "clamp": "^1.0.1",
        "gl-matrix": "^3.4.3",
        "point-to-segment-2d": "^1.0.0",
        "segseg": "^1.0.0",
        "wgpu-matrix": "^3.4.0"
      }
    },
    "node_modules/@footgun/math-gap": {
      "version": "0.2.0",
      "resolved": "https://registry.npmjs.org/@footgun/math-gap/-/math-gap-0.2.0.tgz",
      "integrity": "sha512-sGhfGo5OOEGAv4j4eHvECDwgnX2IDdx1Xd2MJeiFAyP9b/htmopRd2PNFQzQETxEuMBj+I5M5Odeky+AA+CFjQ==",
      "license": "MIT"
    },
    "node_modules/clamp": {
      "version": "1.0.1",
      "resolved": "https://registry.npmjs.org/clamp/-/clamp-1.0.1.tgz",
      "integrity": "sha512-kgMuFyE78OC6Dyu3Dy7vcx4uy97EIbVxJB/B0eJ3bUNAkwdNcxYzgKltnyADiYwsR7SEqkkUPsEUT//OVS6XMA==",
      "license": "MIT"
    },
    "node_modules/gl-matrix": {
      "version": "3.4.3",
      "resolved": "https://registry.npmjs.org/gl-matrix/-/gl-matrix-3.4.3.tgz",
      "integrity": "sha512-wcCp8vu8FT22BnvKVPjXa/ICBWRq/zjFfdofZy1WSpQZpphblv12/bOQLBC1rMM7SGOFS9ltVmKOHil5+Ml7gA==",
      "license": "MIT"
    },
    "node_modules/point-to-segment-2d": {
      "version": "1.0.0",
      "resolved": "https://registry.npmjs.org/point-to-segment-2d/-/point-to-segment-2d-1.0.0.tgz",
      "integrity": "sha512-qjMaW51jOWDjvNSEntnxiGCvfWKu64Iiu6FVRaCWB5hBlZG7adxhx1AG3sXEwgf7v7e+o0y7TpO65OgumpDhfg==",
      "license": "MIT",
      "engines": {
        "node": ">=12"
      }
    },
    "node_modules/segseg": {
      "version": "1.0.0",
      "resolved": "https://registry.npmjs.org/segseg/-/segseg-1.0.0.tgz",
      "integrity": "sha512-2yXmyV1AJN9F9CFlUaQ0XLo0zh8C/BgB91ae8oouDw2yvH6uCXkxOvRocbvgAJmrxssiUn3PgfzNv+0yA4OmYA==",
      "license": "MIT",
      "engines": {
        "node": ">=12"
      }
    },
    "node_modules/wgpu-matrix": {
      "version": "3.4.0",
      "resolved": "https://registry.npmjs.org/wgpu-matrix/-/wgpu-matrix-3.4.0.tgz",
      "integrity": "sha512-kXHrbAPKEn9A32Wf4wVldyx9MmnzwhuB5p8GCqoJP3ItU5+iDT4J3aTQwPZWkfb153hwGtqZtUwR2M+ipJKadg==",
      "license": "MIT"
    }
  }
}
